
Microsoft Visual Studio Solution File, Format Version 12.00
# Visual Studio Version 17
VisualStudioVersion = 17.11.35208.52
MinimumVisualStudioVersion = 10.0.40219.1
Project("{FAE04EC0-301F-11D3-BF4B-00C04F79EFBC}") = "ConsoleAppGithub", "ConsoleAppGithub\ConsoleAppGithub.csproj", "{E2DA81D2-B28A-4575-A958-18B8D39D973B}"
EndProject
Global
	GlobalSection(SolutionConfigurationPlatforms) = preSolution
		Debug|Any CPU = Debug|Any CPU
		Release|Any CPU = Release|Any CPU
	EndGlobalSection
	GlobalSection(ProjectConfigurationPlatforms) = postSolution
		{E2DA81D2-B28A-4575-A958-18B8D39D973B}.Debug|Any CPU.ActiveCfg = Debug|Any CPU
		{E2DA81D2-B28A-4575-A958-18B8D39D973B}.Debug|Any CPU.Build.0 = Debug|Any CPU
		{E2DA81D2-B28A-4575-A958-18B8D39D973B}.Release|Any CPU.ActiveCfg = Release|Any CPU
		{E2DA81D2-B28A-4575-A958-18B8D39D973B}.Release|Any CPU.Build.0 = Release|Any CPU
	EndGlobalSection
	GlobalSection(SolutionProperties) = preSolution
		HideSolutionNode = FALSE
	EndGlobalSection
	GlobalSection(ExtensibilityGlobals) = postSolution
		SolutionGuid = {4968FDCB-7BA3-4348-98FE-EC067D30C1B9}
	EndGlobalSection
EndGlobal
